
Microsoft Visual Studio Solution File, Format Version 12.00
# Visual Studio Version 17
VisualStudioVersion = 17.4.33213.308
MinimumVisualStudioVersion = 10.0.40219.1
Project("{FAE04EC0-301F-11D3-BF4B-00C04F79EFBC}") = "teste-program", "teste-program\teste-program.csproj", "{724BF49B-2E77-4815-B49F-347BE20D4219}"
EndProject
Global
	GlobalSection(SolutionConfigurationPlatforms) = preSolution
		Debug|Any CPU = Debug|Any CPU
		Release|Any CPU = Release|Any CPU
	EndGlobalSection
	GlobalSection(ProjectConfigurationPlatforms) = postSolution
		{724BF49B-2E77-4815-B49F-347BE20D4219}.Debug|Any CPU.ActiveCfg = Debug|Any CPU
		{724BF49B-2E77-4815-B49F-347BE20D4219}.Debug|Any CPU.Build.0 = Debug|Any CPU
		{724BF49B-2E77-4815-B49F-347BE20D4219}.Release|Any CPU.ActiveCfg = Release|Any CPU
		{724BF49B-2E77-4815-B49F-347BE20D4219}.Release|Any CPU.Build.0 = Release|Any CPU
	EndGlobalSection
	GlobalSection(SolutionProperties) = preSolution
		HideSolutionNode = FALSE
	EndGlobalSection
	GlobalSection(ExtensibilityGlobals) = postSolution
		SolutionGuid = {DC809D1E-DF02-4E2F-89BB-D84445980126}
	EndGlobalSection
EndGlobal
