
Microsoft Visual Studio Solution File, Format Version 12.00
# Visual Studio Version 17
VisualStudioVersion = 17.4.33213.308
MinimumVisualStudioVersion = 10.0.40219.1
Project("{FAE04EC0-301F-11D3-BF4B-00C04F79EFBC}") = "1_1_ModRestoC", "1_1_ModRestoC\1_1_ModRestoC.csproj", "{943132EC-AF1B-486E-8FB4-C838BE85C4A7}"
EndProject
Global
	GlobalSection(SolutionConfigurationPlatforms) = preSolution
		Debug|Any CPU = Debug|Any CPU
		Release|Any CPU = Release|Any CPU
	EndGlobalSection
	GlobalSection(ProjectConfigurationPlatforms) = postSolution
		{943132EC-AF1B-486E-8FB4-C838BE85C4A7}.Debug|Any CPU.ActiveCfg = Debug|Any CPU
		{943132EC-AF1B-486E-8FB4-C838BE85C4A7}.Debug|Any CPU.Build.0 = Debug|Any CPU
		{943132EC-AF1B-486E-8FB4-C838BE85C4A7}.Release|Any CPU.ActiveCfg = Release|Any CPU
		{943132EC-AF1B-486E-8FB4-C838BE85C4A7}.Release|Any CPU.Build.0 = Release|Any CPU
	EndGlobalSection
	GlobalSection(SolutionProperties) = preSolution
		HideSolutionNode = FALSE
	EndGlobalSection
	GlobalSection(ExtensibilityGlobals) = postSolution
		SolutionGuid = {E581FAF9-F6D2-423E-BCD0-AA9E31A0EB07}
	EndGlobalSection
EndGlobal
