
Microsoft Visual Studio Solution File, Format Version 12.00
# Visual Studio Version 17
VisualStudioVersion = 17.4.33213.308
MinimumVisualStudioVersion = 10.0.40219.1
Project("{FAE04EC0-301F-11D3-BF4B-00C04F79EFBC}") = "2_1_SplitText", "2_1_SplitText\2_1_SplitText.csproj", "{9605F39D-09A4-4E98-9335-492BE7B3392D}"
EndProject
Global
	GlobalSection(SolutionConfigurationPlatforms) = preSolution
		Debug|Any CPU = Debug|Any CPU
		Release|Any CPU = Release|Any CPU
	EndGlobalSection
	GlobalSection(ProjectConfigurationPlatforms) = postSolution
		{9605F39D-09A4-4E98-9335-492BE7B3392D}.Debug|Any CPU.ActiveCfg = Debug|Any CPU
		{9605F39D-09A4-4E98-9335-492BE7B3392D}.Debug|Any CPU.Build.0 = Debug|Any CPU
		{9605F39D-09A4-4E98-9335-492BE7B3392D}.Release|Any CPU.ActiveCfg = Release|Any CPU
		{9605F39D-09A4-4E98-9335-492BE7B3392D}.Release|Any CPU.Build.0 = Release|Any CPU
	EndGlobalSection
	GlobalSection(SolutionProperties) = preSolution
		HideSolutionNode = FALSE
	EndGlobalSection
	GlobalSection(ExtensibilityGlobals) = postSolution
		SolutionGuid = {F47F17CA-2E34-4188-94B6-B7432D7E4C39}
	EndGlobalSection
EndGlobal
