
Microsoft Visual Studio Solution File, Format Version 12.00
# Visual Studio Version 17
VisualStudioVersion = 17.4.33213.308
MinimumVisualStudioVersion = 10.0.40219.1
Project("{FAE04EC0-301F-11D3-BF4B-00C04F79EFBC}") = "4_2_NotaNotaExame", "4_2_NotaNotaExame\4_2_NotaNotaExame.csproj", "{10A8D48B-9D20-44ED-9CAC-B307FE809AA1}"
EndProject
Global
	GlobalSection(SolutionConfigurationPlatforms) = preSolution
		Debug|Any CPU = Debug|Any CPU
		Release|Any CPU = Release|Any CPU
	EndGlobalSection
	GlobalSection(ProjectConfigurationPlatforms) = postSolution
		{10A8D48B-9D20-44ED-9CAC-B307FE809AA1}.Debug|Any CPU.ActiveCfg = Debug|Any CPU
		{10A8D48B-9D20-44ED-9CAC-B307FE809AA1}.Debug|Any CPU.Build.0 = Debug|Any CPU
		{10A8D48B-9D20-44ED-9CAC-B307FE809AA1}.Release|Any CPU.ActiveCfg = Release|Any CPU
		{10A8D48B-9D20-44ED-9CAC-B307FE809AA1}.Release|Any CPU.Build.0 = Release|Any CPU
	EndGlobalSection
	GlobalSection(SolutionProperties) = preSolution
		HideSolutionNode = FALSE
	EndGlobalSection
	GlobalSection(ExtensibilityGlobals) = postSolution
		SolutionGuid = {4B128B18-8375-4CD6-918A-F53280D55935}
	EndGlobalSection
EndGlobal
