
Microsoft Visual Studio Solution File, Format Version 12.00
# Visual Studio Version 17
VisualStudioVersion = 17.4.33213.308
MinimumVisualStudioVersion = 10.0.40219.1
Project("{FAE04EC0-301F-11D3-BF4B-00C04F79EFBC}") = "4_1_Encadeamento", "4_1_Encadeamento\4_1_Encadeamento.csproj", "{3E590A47-0983-423C-9A62-2484C6007069}"
EndProject
Global
	GlobalSection(SolutionConfigurationPlatforms) = preSolution
		Debug|Any CPU = Debug|Any CPU
		Release|Any CPU = Release|Any CPU
	EndGlobalSection
	GlobalSection(ProjectConfigurationPlatforms) = postSolution
		{3E590A47-0983-423C-9A62-2484C6007069}.Debug|Any CPU.ActiveCfg = Debug|Any CPU
		{3E590A47-0983-423C-9A62-2484C6007069}.Debug|Any CPU.Build.0 = Debug|Any CPU
		{3E590A47-0983-423C-9A62-2484C6007069}.Release|Any CPU.ActiveCfg = Release|Any CPU
		{3E590A47-0983-423C-9A62-2484C6007069}.Release|Any CPU.Build.0 = Release|Any CPU
	EndGlobalSection
	GlobalSection(SolutionProperties) = preSolution
		HideSolutionNode = FALSE
	EndGlobalSection
	GlobalSection(ExtensibilityGlobals) = postSolution
		SolutionGuid = {F0BA4A97-270E-4A90-85D9-433AB8481870}
	EndGlobalSection
EndGlobal
